
Microsoft Visual Studio Solution File, Format Version 12.00
# Visual Studio Version 16
VisualStudioVersion = 16.0.810.14
MinimumVisualStudioVersion = 10.0.40219.1
Project("{FAE04EC0-301F-11D3-BF4B-00C04F79EFBC}") = "WTechCoreSample", "WTechCoreSample\WTechCoreSample.csproj", "{51626EF3-0D74-4409-97CB-A1EDECBCE7EA}"
EndProject
Global
	GlobalSection(SolutionConfigurationPlatforms) = preSolution
		Debug|Any CPU = Debug|Any CPU
		Release|Any CPU = Release|Any CPU
	EndGlobalSection
	GlobalSection(ProjectConfigurationPlatforms) = postSolution
		{51626EF3-0D74-4409-97CB-A1EDECBCE7EA}.Debug|Any CPU.ActiveCfg = Debug|Any CPU
		{51626EF3-0D74-4409-97CB-A1EDECBCE7EA}.Debug|Any CPU.Build.0 = Debug|Any CPU
		{51626EF3-0D74-4409-97CB-A1EDECBCE7EA}.Release|Any CPU.ActiveCfg = Release|Any CPU
		{51626EF3-0D74-4409-97CB-A1EDECBCE7EA}.Release|Any CPU.Build.0 = Release|Any CPU
	EndGlobalSection
	GlobalSection(SolutionProperties) = preSolution
		HideSolutionNode = FALSE
	EndGlobalSection
	GlobalSection(ExtensibilityGlobals) = postSolution
		SolutionGuid = {A072AAA0-DE77-427F-BA18-40A35E2FFCF7}
	EndGlobalSection
EndGlobal
